<?xml version="1.0"?>
<CONFIG>
  <ProjectOptions>
    <PathDelim Value="\"/>
    <Version Value="5"/>
    <General>
      <MainUnit Value="0"/>
      <IconPath Value="./"/>
      <TargetFileExt Value=".exe"/>
      <ActiveEditorIndexAtStart Value="1"/>
    </General>
    <PublishOptions>
      <Version Value="2"/>
      <DestinationDirectory Value="$(TestDir)\publishedproject\"/>
      <IgnoreBinaries Value="False"/>
      <IncludeFileFilter Value="*.(pas|pp|inc|lfm|lpr|lrs|lpi|lpk|sh|xml)"/>
      <ExcludeFileFilter Value="*.(bak|ppu|ppw|o|so);*~;backup"/>
    </PublishOptions>
    <RunParams>
      <local>
        <FormatVersion Value="1"/>
        <LaunchingApplication PathPlusParams="\usr\X11R6\bin\xterm -T 'Lazarus Run Output' -e $(LazarusDir)\tools\runwait.sh $(TargetCmdLine)"/>
      </local>
    </RunParams>
    <RequiredPackages Count="1">
      <Item1>
        <PackageName Value="LCL"/>
      </Item1>
    </RequiredPackages>
    <Units Count="8">
      <Unit0>
        <Filename Value="bataillenavale.lpr"/>
        <IsPartOfProject Value="True"/>
        <UnitName Value="bataillenavale"/>
        <CursorPos X="24" Y="3"/>
        <TopLine Value="3"/>
        <EditorIndex Value="2"/>
        <UsageCount Value="46"/>
        <Loaded Value="True"/>
      </Unit0>
      <Unit1>
        <Filename Value="affichage.pas"/>
        <ComponentName Value="Form1"/>
        <IsPartOfProject Value="True"/>
        <ResourceFilename Value="affichage.lrs"/>
        <UnitName Value="Affichage"/>
        <CursorPos X="26" Y="122"/>
        <TopLine Value="108"/>
        <EditorIndex Value="1"/>
        <UsageCount Value="46"/>
        <Loaded Value="True"/>
      </Unit1>
      <Unit2>
        <Filename Value="uiarbitre.pas"/>
        <IsPartOfProject Value="True"/>
        <UnitName Value="UIarbitre"/>
        <CursorPos X="5" Y="1"/>
        <TopLine Value="1"/>
        <EditorIndex Value="0"/>
        <UsageCount Value="46"/>
        <Loaded Value="True"/>
      </Unit2>
      <Unit3>
        <Filename Value="ucarbitre.pas"/>
        <IsPartOfProject Value="True"/>
        <UnitName Value="UCarbitre"/>
        <CursorPos X="40" Y="68"/>
        <TopLine Value="94"/>
        <EditorIndex Value="6"/>
        <UsageCount Value="45"/>
        <Loaded Value="True"/>
      </Unit3>
      <Unit4>
        <Filename Value="ujoueur.pas"/>
        <UnitName Value="UJoueur"/>
        <CursorPos X="39" Y="26"/>
        <TopLine Value="12"/>
        <EditorIndex Value="5"/>
        <UsageCount Value="15"/>
        <Loaded Value="True"/>
      </Unit4>
      <Unit5>
        <Filename Value="ujoueuria.pas"/>
        <IsPartOfProject Value="True"/>
        <UnitName Value="UJoueurIA"/>
        <CursorPos X="18" Y="158"/>
        <TopLine Value="40"/>
        <EditorIndex Value="3"/>
        <UsageCount Value="37"/>
        <Loaded Value="True"/>
      </Unit5>
      <Unit6>
        <Filename Value="ujoueurhumain.pas"/>
        <UnitName Value="UJoueurHumain"/>
        <CursorPos X="6" Y="86"/>
        <TopLine Value="72"/>
        <EditorIndex Value="4"/>
        <UsageCount Value="17"/>
        <Loaded Value="True"/>
      </Unit6>
      <Unit7>
        <Filename Value="..\..\..\..\lazarus\lcl\grids.pas"/>
        <UnitName Value="Grids"/>
        <CursorPos X="1" Y="3885"/>
        <TopLine Value="3871"/>
        <EditorIndex Value="7"/>
        <UsageCount Value="12"/>
        <Loaded Value="True"/>
      </Unit7>
    </Units>
    <JumpHistory Count="19" HistoryIndex="18">
      <Position1>
        <Filename Value="affichage.pas"/>
        <Caret Line="103" Column="57" TopLine="80"/>
      </Position1>
      <Position2>
        <Filename Value="affichage.pas"/>
        <Caret Line="107" Column="40" TopLine="86"/>
      </Position2>
      <Position3>
        <Filename Value="affichage.pas"/>
        <Caret Line="82" Column="9" TopLine="62"/>
      </Position3>
      <Position4>
        <Filename Value="affichage.pas"/>
        <Caret Line="115" Column="17" TopLine="109"/>
      </Position4>
      <Position5>
        <Filename Value="bataillenavale.lpr"/>
        <Caret Line="3" Column="24" TopLine="3"/>
      </Position5>
      <Position6>
        <Filename Value="ucarbitre.pas"/>
        <Caret Line="149" Column="33" TopLine="135"/>
      </Position6>
      <Position7>
        <Filename Value="ucarbitre.pas"/>
        <Caret Line="72" Column="113" TopLine="64"/>
      </Position7>
      <Position8>
        <Filename Value="ucarbitre.pas"/>
        <Caret Line="141" Column="1" TopLine="127"/>
      </Position8>
      <Position9>
        <Filename Value="ucarbitre.pas"/>
        <Caret Line="155" Column="17" TopLine="129"/>
      </Position9>
      <Position10>
        <Filename Value="ucarbitre.pas"/>
        <Caret Line="160" Column="18" TopLine="137"/>
      </Position10>
      <Position11>
        <Filename Value="affichage.pas"/>
        <Caret Line="127" Column="1" TopLine="64"/>
      </Position11>
      <Position12>
        <Filename Value="affichage.pas"/>
        <Caret Line="83" Column="19" TopLine="70"/>
      </Position12>
      <Position13>
        <Filename Value="affichage.pas"/>
        <Caret Line="92" Column="23" TopLine="78"/>
      </Position13>
      <Position14>
        <Filename Value="affichage.pas"/>
        <Caret Line="115" Column="18" TopLine="101"/>
      </Position14>
      <Position15>
        <Filename Value="affichage.pas"/>
        <Caret Line="92" Column="23" TopLine="77"/>
      </Position15>
      <Position16>
        <Filename Value="affichage.pas"/>
        <Caret Line="115" Column="9" TopLine="101"/>
      </Position16>
      <Position17>
        <Filename Value="affichage.pas"/>
        <Caret Line="173" Column="15" TopLine="147"/>
      </Position17>
      <Position18>
        <Filename Value="affichage.pas"/>
        <Caret Line="52" Column="42" TopLine="50"/>
      </Position18>
      <Position19>
        <Filename Value="affichage.pas"/>
        <Caret Line="152" Column="33" TopLine="124"/>
      </Position19>
    </JumpHistory>
  </ProjectOptions>
  <CompilerOptions>
    <Version Value="5"/>
    <PathDelim Value="\"/>
    <SearchPaths>
      <SrcPath Value="$(LazarusDir)\lcl\;$(LazarusDir)\lcl\interfaces\$(LCLWidgetType)\"/>
    </SearchPaths>
    <CodeGeneration>
      <Generate Value="Faster"/>
    </CodeGeneration>
    <Linking>
      <Options>
        <Win32>
          <GraphicApplication Value="True"/>
        </Win32>
      </Options>
    </Linking>
    <Other>
      <CompilerPath Value="$(CompPath)"/>
    </Other>
  </CompilerOptions>
  <Debugging>
    <Exceptions Count="2">
      <Item1>
        <Name Value="ECodetoolError"/>
      </Item1>
      <Item2>
        <Name Value="EFOpenError"/>
      </Item2>
    </Exceptions>
  </Debugging>
</CONFIG>
