<?xml version="1.0"?>
<CONFIG>
  <ProjectOptions>
    <PathDelim Value="/"/>
    <Version Value="5"/>
    <General>
      <MainUnit Value="0"/>
      <IconPath Value="./"/>
      <TargetFileExt Value=".exe"/>
      <ActiveEditorIndexAtStart Value="0"/>
    </General>
    <PublishOptions>
      <Version Value="2"/>
      <IgnoreBinaries Value="False"/>
      <IncludeFileFilter Value="*.(pas|pp|inc|lfm|lpr|lrs|lpi|lpk|sh|xml)"/>
      <ExcludeFileFilter Value="*.(bak|ppu|ppw|o|so);*~;backup"/>
    </PublishOptions>
    <RunParams>
      <local>
        <FormatVersion Value="1"/>
        <LaunchingApplication PathPlusParams="/usr/X11R6/bin/xterm -T 'Lazarus Run Output' -e $(LazarusDir)/tools/runwait.sh $(TargetCmdLine)"/>
      </local>
    </RunParams>
    <RequiredPackages Count="1">
      <Item1>
        <PackageName Value="LCL"/>
      </Item1>
    </RequiredPackages>
    <Units Count="7">
      <Unit0>
        <Filename Value="bataillenavale.lpr"/>
        <IsPartOfProject Value="True"/>
        <UnitName Value="bataillenavale"/>
        <CursorPos X="1" Y="16"/>
        <TopLine Value="1"/>
        <EditorIndex Value="3"/>
        <UsageCount Value="32"/>
        <Loaded Value="True"/>
      </Unit0>
      <Unit1>
        <Filename Value="affichage.pas"/>
        <ComponentName Value="Form1"/>
        <IsPartOfProject Value="True"/>
        <ResourceFilename Value="affichage.lrs"/>
        <UnitName Value="Affichage"/>
        <CursorPos X="32" Y="35"/>
        <TopLine Value="64"/>
        <EditorIndex Value="0"/>
        <UsageCount Value="32"/>
        <Loaded Value="True"/>
      </Unit1>
      <Unit2>
        <Filename Value="uiarbitre.pas"/>
        <IsPartOfProject Value="True"/>
        <UnitName Value="UIarbitre"/>
        <CursorPos X="11" Y="1"/>
        <TopLine Value="1"/>
        <EditorIndex Value="2"/>
        <UsageCount Value="32"/>
        <Loaded Value="True"/>
      </Unit2>
      <Unit3>
        <Filename Value="ucarbitre.pas"/>
        <IsPartOfProject Value="True"/>
        <UnitName Value="UCarbitre"/>
        <CursorPos X="33" Y="91"/>
        <TopLine Value="1"/>
        <EditorIndex Value="5"/>
        <UsageCount Value="31"/>
        <Loaded Value="True"/>
      </Unit3>
      <Unit4>
        <Filename Value="UJoueur.pas"/>
        <UnitName Value="UJoueur"/>
        <CursorPos X="20" Y="13"/>
        <TopLine Value="1"/>
        <UsageCount Value="12"/>
      </Unit4>
      <Unit5>
        <Filename Value="ujoueuria.pas"/>
        <IsPartOfProject Value="True"/>
        <UnitName Value="UJoueurIA"/>
        <CursorPos X="7" Y="7"/>
        <TopLine Value="32"/>
        <EditorIndex Value="4"/>
        <UsageCount Value="23"/>
        <Loaded Value="True"/>
      </Unit5>
      <Unit6>
        <Filename Value="ujoueur.pas"/>
        <IsPartOfProject Value="True"/>
        <UnitName Value="UJoueur"/>
        <CursorPos X="16" Y="7"/>
        <TopLine Value="11"/>
        <EditorIndex Value="1"/>
        <UsageCount Value="23"/>
        <Loaded Value="True"/>
      </Unit6>
    </Units>
    <JumpHistory Count="9" HistoryIndex="8">
      <Position1>
        <Filename Value="affichage.pas"/>
        <Caret Line="43" Column="51" TopLine="16"/>
      </Position1>
      <Position2>
        <Filename Value="affichage.pas"/>
        <Caret Line="54" Column="5" TopLine="32"/>
      </Position2>
      <Position3>
        <Filename Value="uiarbitre.pas"/>
        <Caret Line="17" Column="18" TopLine="1"/>
      </Position3>
      <Position4>
        <Filename Value="uiarbitre.pas"/>
        <Caret Line="27" Column="4" TopLine="1"/>
      </Position4>
      <Position5>
        <Filename Value="bataillenavale.lpr"/>
        <Caret Line="9" Column="4" TopLine="1"/>
      </Position5>
      <Position6>
        <Filename Value="bataillenavale.lpr"/>
        <Caret Line="17" Column="34" TopLine="1"/>
      </Position6>
      <Position7>
        <Filename Value="ujoueur.pas"/>
        <Caret Line="13" Column="13" TopLine="11"/>
      </Position7>
      <Position8>
        <Filename Value="ujoueur.pas"/>
        <Caret Line="7" Column="16" TopLine="1"/>
      </Position8>
      <Position9>
        <Filename Value="affichage.pas"/>
        <Caret Line="39" Column="49" TopLine="38"/>
      </Position9>
    </JumpHistory>
  </ProjectOptions>
  <CompilerOptions>
    <Version Value="5"/>
    <SearchPaths>
      <SrcPath Value="$(LazarusDir)/lcl/;$(LazarusDir)/lcl/interfaces/$(LCLWidgetType)/"/>
    </SearchPaths>
    <CodeGeneration>
      <Generate Value="Faster"/>
    </CodeGeneration>
    <Linking>
      <Options>
        <Win32>
          <GraphicApplication Value="True"/>
        </Win32>
      </Options>
    </Linking>
    <Other>
      <CompilerPath Value="$(CompPath)"/>
    </Other>
  </CompilerOptions>
  <Debugging>
    <Exceptions Count="2">
      <Item1>
        <Name Value="ECodetoolError"/>
      </Item1>
      <Item2>
        <Name Value="EFOpenError"/>
      </Item2>
    </Exceptions>
  </Debugging>
</CONFIG>
