<?xml version="1.0"?>
<CONFIG>
  <ProjectOptions>
    <PathDelim Value="/"/>
    <Version Value="5"/>
    <General>
      <MainUnit Value="0"/>
      <IconPath Value="./"/>
      <TargetFileExt Value=".exe"/>
      <ActiveEditorIndexAtStart Value="3"/>
    </General>
    <PublishOptions>
      <Version Value="2"/>
      <IgnoreBinaries Value="False"/>
      <IncludeFileFilter Value="*.(pas|pp|inc|lfm|lpr|lrs|lpi|lpk|sh|xml)"/>
      <ExcludeFileFilter Value="*.(bak|ppu|ppw|o|so);*~;backup"/>
    </PublishOptions>
    <RunParams>
      <local>
        <FormatVersion Value="1"/>
        <LaunchingApplication PathPlusParams="/usr/X11R6/bin/xterm -T 'Lazarus Run Output' -e $(LazarusDir)/tools/runwait.sh $(TargetCmdLine)"/>
      </local>
    </RunParams>
    <RequiredPackages Count="1">
      <Item1>
        <PackageName Value="LCL"/>
      </Item1>
    </RequiredPackages>
    <Units Count="5">
      <Unit0>
        <Filename Value="bataillenavale.lpr"/>
        <IsPartOfProject Value="True"/>
        <UnitName Value="bataillenavale"/>
        <CursorPos X="1" Y="17"/>
        <TopLine Value="1"/>
        <EditorIndex Value="2"/>
        <UsageCount Value="27"/>
        <Loaded Value="True"/>
      </Unit0>
      <Unit1>
        <Filename Value="affichage.pas"/>
        <ComponentName Value="Form1"/>
        <IsPartOfProject Value="True"/>
        <ResourceFilename Value="affichage.lrs"/>
        <UnitName Value="Affichage"/>
        <CursorPos X="31" Y="30"/>
        <TopLine Value="26"/>
        <EditorIndex Value="0"/>
        <UsageCount Value="27"/>
        <Loaded Value="True"/>
      </Unit1>
      <Unit2>
        <Filename Value="uiarbitre.pas"/>
        <IsPartOfProject Value="True"/>
        <UnitName Value="UIarbitre"/>
        <CursorPos X="41" Y="15"/>
        <TopLine Value="1"/>
        <EditorIndex Value="1"/>
        <UsageCount Value="27"/>
        <Loaded Value="True"/>
      </Unit2>
      <Unit3>
        <Filename Value="ucarbitre.pas"/>
        <IsPartOfProject Value="True"/>
        <UnitName Value="UCarbitre"/>
        <CursorPos X="37" Y="84"/>
        <TopLine Value="71"/>
        <EditorIndex Value="3"/>
        <UsageCount Value="26"/>
        <Loaded Value="True"/>
      </Unit3>
      <Unit4>
        <Filename Value="UJoueur.pas"/>
        <UnitName Value="UJoueur"/>
        <CursorPos X="82" Y="24"/>
        <TopLine Value="1"/>
        <EditorIndex Value="4"/>
        <UsageCount Value="11"/>
        <Loaded Value="True"/>
      </Unit4>
    </Units>
    <JumpHistory Count="30" HistoryIndex="29">
      <Position1>
        <Filename Value="bataillenavale.lpr"/>
        <Caret Line="17" Column="1" TopLine="1"/>
      </Position1>
      <Position2>
        <Filename Value="ucarbitre.pas"/>
        <Caret Line="50" Column="13" TopLine="78"/>
      </Position2>
      <Position3>
        <Filename Value="ucarbitre.pas"/>
        <Caret Line="65" Column="15" TopLine="50"/>
      </Position3>
      <Position4>
        <Filename Value="ucarbitre.pas"/>
        <Caret Line="67" Column="7" TopLine="52"/>
      </Position4>
      <Position5>
        <Filename Value="ucarbitre.pas"/>
        <Caret Line="66" Column="25" TopLine="52"/>
      </Position5>
      <Position6>
        <Filename Value="ucarbitre.pas"/>
        <Caret Line="68" Column="25" TopLine="53"/>
      </Position6>
      <Position7>
        <Filename Value="ucarbitre.pas"/>
        <Caret Line="107" Column="4" TopLine="78"/>
      </Position7>
      <Position8>
        <Filename Value="ucarbitre.pas"/>
        <Caret Line="72" Column="29" TopLine="62"/>
      </Position8>
      <Position9>
        <Filename Value="ucarbitre.pas"/>
        <Caret Line="73" Column="11" TopLine="58"/>
      </Position9>
      <Position10>
        <Filename Value="ucarbitre.pas"/>
        <Caret Line="72" Column="30" TopLine="58"/>
      </Position10>
      <Position11>
        <Filename Value="ucarbitre.pas"/>
        <Caret Line="107" Column="4" TopLine="78"/>
      </Position11>
      <Position12>
        <Filename Value="ucarbitre.pas"/>
        <Caret Line="94" Column="28" TopLine="59"/>
      </Position12>
      <Position13>
        <Filename Value="ucarbitre.pas"/>
        <Caret Line="74" Column="15" TopLine="57"/>
      </Position13>
      <Position14>
        <Filename Value="ucarbitre.pas"/>
        <Caret Line="75" Column="8" TopLine="60"/>
      </Position14>
      <Position15>
        <Filename Value="ucarbitre.pas"/>
        <Caret Line="74" Column="13" TopLine="62"/>
      </Position15>
      <Position16>
        <Filename Value="ucarbitre.pas"/>
        <Caret Line="108" Column="4" TopLine="79"/>
      </Position16>
      <Position17>
        <Filename Value="ucarbitre.pas"/>
        <Caret Line="107" Column="9" TopLine="1"/>
      </Position17>
      <Position18>
        <Filename Value="ucarbitre.pas"/>
        <Caret Line="93" Column="7" TopLine="78"/>
      </Position18>
      <Position19>
        <Filename Value="ucarbitre.pas"/>
        <Caret Line="92" Column="12" TopLine="78"/>
      </Position19>
      <Position20>
        <Filename Value="ucarbitre.pas"/>
        <Caret Line="107" Column="4" TopLine="78"/>
      </Position20>
      <Position21>
        <Filename Value="ucarbitre.pas"/>
        <Caret Line="96" Column="27" TopLine="77"/>
      </Position21>
      <Position22>
        <Filename Value="ucarbitre.pas"/>
        <Caret Line="106" Column="4" TopLine="77"/>
      </Position22>
      <Position23>
        <Filename Value="ucarbitre.pas"/>
        <Caret Line="97" Column="12" TopLine="77"/>
      </Position23>
      <Position24>
        <Filename Value="ucarbitre.pas"/>
        <Caret Line="107" Column="4" TopLine="78"/>
      </Position24>
      <Position25>
        <Filename Value="ucarbitre.pas"/>
        <Caret Line="72" Column="38" TopLine="60"/>
      </Position25>
      <Position26>
        <Filename Value="ucarbitre.pas"/>
        <Caret Line="106" Column="4" TopLine="77"/>
      </Position26>
      <Position27>
        <Filename Value="ucarbitre.pas"/>
        <Caret Line="73" Column="15" TopLine="51"/>
      </Position27>
      <Position28>
        <Filename Value="ucarbitre.pas"/>
        <Caret Line="74" Column="9" TopLine="59"/>
      </Position28>
      <Position29>
        <Filename Value="ucarbitre.pas"/>
        <Caret Line="75" Column="7" TopLine="59"/>
      </Position29>
      <Position30>
        <Filename Value="ucarbitre.pas"/>
        <Caret Line="106" Column="4" TopLine="77"/>
      </Position30>
    </JumpHistory>
  </ProjectOptions>
  <CompilerOptions>
    <Version Value="5"/>
    <SearchPaths>
      <SrcPath Value="$(LazarusDir)/lcl/;$(LazarusDir)/lcl/interfaces/$(LCLWidgetType)/"/>
    </SearchPaths>
    <CodeGeneration>
      <Generate Value="Faster"/>
    </CodeGeneration>
    <Linking>
      <Options>
        <Win32>
          <GraphicApplication Value="True"/>
        </Win32>
      </Options>
    </Linking>
    <Other>
      <CompilerPath Value="$(CompPath)"/>
    </Other>
  </CompilerOptions>
  <Debugging>
    <Exceptions Count="2">
      <Item1>
        <Name Value="ECodetoolError"/>
      </Item1>
      <Item2>
        <Name Value="EFOpenError"/>
      </Item2>
    </Exceptions>
  </Debugging>
</CONFIG>
